
Microsoft Visual Studio Solution File, Format Version 12.00
# Visual Studio Version 17
VisualStudioVersion = 17.11.35327.3
MinimumVisualStudioVersion = 10.0.40219.1
Project("{FAE04EC0-301F-11D3-BF4B-00C04F79EFBC}") = "Lab5", "Lab5.csproj", "{EE738F71-8FD1-4B1C-9D87-FE62E26710FB}"
EndProject
Global
	GlobalSection(SolutionConfigurationPlatforms) = preSolution
		Debug|Any CPU = Debug|Any CPU
		Release|Any CPU = Release|Any CPU
	EndGlobalSection
	GlobalSection(ProjectConfigurationPlatforms) = postSolution
		{EE738F71-8FD1-4B1C-9D87-FE62E26710FB}.Debug|Any CPU.ActiveCfg = Debug|Any CPU
		{EE738F71-8FD1-4B1C-9D87-FE62E26710FB}.Debug|Any CPU.Build.0 = Debug|Any CPU
		{EE738F71-8FD1-4B1C-9D87-FE62E26710FB}.Release|Any CPU.ActiveCfg = Release|Any CPU
		{EE738F71-8FD1-4B1C-9D87-FE62E26710FB}.Release|Any CPU.Build.0 = Release|Any CPU
	EndGlobalSection
	GlobalSection(SolutionProperties) = preSolution
		HideSolutionNode = FALSE
	EndGlobalSection
	GlobalSection(ExtensibilityGlobals) = postSolution
		SolutionGuid = {7B69FA4D-7454-4F30-B7A9-ECB711C6A5E0}
	EndGlobalSection
EndGlobal
